{
	"name": "allure-cucumberjs",
	"version": "2.0.0-beta.10",
	"lockfileVersion": 1,
	"requires": true,
	"dependencies": {
		"@types/chai": {
			"version": "4.2.21",
			"resolved": "https://registry.npmjs.org/@types/chai/-/chai-4.2.21.tgz",
			"integrity": "sha512-yd+9qKmJxm496BOV9CMNaey8TWsikaZOwMRwPHQIjcOJM9oV+fi9ZMNw3JsVnbEEbo2gRTDnGEBv8pjyn67hNg==",
			"dev": true
		}
	}
}
